// !$*UTF8*$!
{
	archiveVersion = 1;
	classes = {
	};
	objectVersion = 46;
	objects = {

/* Begin PBXBuildFile section */
		208C6A1F5F755631FCC10A48 /* Pods_Learnt.framework in Frameworks */ = {isa = PBXBuildFile; fileRef = D642C28E9B09F34857C89F74 /* Pods_Learnt.framework */; };
		3283202C1D18059E008A66BC /* AppDelegate.swift in Sources */ = {isa = PBXBuildFile; fileRef = 3283202B1D18059E008A66BC /* AppDelegate.swift */; };
		3283202E1D18059E008A66BC /* ViewController.swift in Sources */ = {isa = PBXBuildFile; fileRef = 3283202D1D18059E008A66BC /* ViewController.swift */; };
		328320331D18059E008A66BC /* Assets.xcassets in Resources */ = {isa = PBXBuildFile; fileRef = 328320321D18059E008A66BC /* Assets.xcassets */; };
		328320361D18059E008A66BC /* LaunchScreen.storyboard in Resources */ = {isa = PBXBuildFile; fileRef = 328320341D18059E008A66BC /* LaunchScreen.storyboard */; };
		3283203F1D180FD0008A66BC /* User.swift in Sources */ = {isa = PBXBuildFile; fileRef = 3283203E1D180FD0008A66BC /* User.swift */; };
		3283205F1D1810E9008A66BC /* Post.swift in Sources */ = {isa = PBXBuildFile; fileRef = 3283205E1D1810E9008A66BC /* Post.swift */; };
		328320611D1810F6008A66BC /* EmailValidatedTextField.swift in Sources */ = {isa = PBXBuildFile; fileRef = 328320601D1810F6008A66BC /* EmailValidatedTextField.swift */; };
		328320631D181106008A66BC /* PersistenceManager.swift in Sources */ = {isa = PBXBuildFile; fileRef = 328320621D181106008A66BC /* PersistenceManager.swift */; };
		328320671D181AF8008A66BC /* NewsfeedViewController.swift in Sources */ = {isa = PBXBuildFile; fileRef = 328320651D181AF8008A66BC /* NewsfeedViewController.swift */; };
		328320681D181AF8008A66BC /* NewsfeedViewController.xib in Resources */ = {isa = PBXBuildFile; fileRef = 328320661D181AF8008A66BC /* NewsfeedViewController.xib */; };
		3283206D1D181B19008A66BC /* SearchViewController.swift in Sources */ = {isa = PBXBuildFile; fileRef = 3283206B1D181B19008A66BC /* SearchViewController.swift */; };
		3283206E1D181B19008A66BC /* SearchViewController.xib in Resources */ = {isa = PBXBuildFile; fileRef = 3283206C1D181B19008A66BC /* SearchViewController.xib */; };
		328320711D181B28008A66BC /* ProfileViewController.swift in Sources */ = {isa = PBXBuildFile; fileRef = 3283206F1D181B28008A66BC /* ProfileViewController.swift */; };
		328320721D181B28008A66BC /* ProfileViewController.xib in Resources */ = {isa = PBXBuildFile; fileRef = 328320701D181B28008A66BC /* ProfileViewController.xib */; };
		328320741D181D4F008A66BC /* defaultImage.png in Resources */ = {isa = PBXBuildFile; fileRef = 328320731D181D4F008A66BC /* defaultImage.png */; };
		3283207D1D18275C008A66BC /* UserController.swift in Sources */ = {isa = PBXBuildFile; fileRef = 3283207C1D18275C008A66BC /* UserController.swift */; };
		328320801D18508B008A66BC /* NewPostViewController.swift in Sources */ = {isa = PBXBuildFile; fileRef = 3283207E1D18508B008A66BC /* NewPostViewController.swift */; };
		328320811D18508B008A66BC /* NewPostViewController.xib in Resources */ = {isa = PBXBuildFile; fileRef = 3283207F1D18508B008A66BC /* NewPostViewController.xib */; };
		3283208D1D1854FF008A66BC /* UBUNTU FONT LICENCE.txt in Resources */ = {isa = PBXBuildFile; fileRef = 328320831D1854FF008A66BC /* UBUNTU FONT LICENCE.txt */; };
		3283208E1D1854FF008A66BC /* Ubuntu-B.ttf in Resources */ = {isa = PBXBuildFile; fileRef = 328320841D1854FF008A66BC /* Ubuntu-B.ttf */; };
		3283208F1D1854FF008A66BC /* Ubuntu-BI.ttf in Resources */ = {isa = PBXBuildFile; fileRef = 328320851D1854FF008A66BC /* Ubuntu-BI.ttf */; };
		328320901D1854FF008A66BC /* Ubuntu-C.ttf in Resources */ = {isa = PBXBuildFile; fileRef = 328320861D1854FF008A66BC /* Ubuntu-C.ttf */; };
		328320911D1854FF008A66BC /* Ubuntu-L.ttf in Resources */ = {isa = PBXBuildFile; fileRef = 328320871D1854FF008A66BC /* Ubuntu-L.ttf */; };
		328320921D1854FF008A66BC /* Ubuntu-LI.ttf in Resources */ = {isa = PBXBuildFile; fileRef = 328320881D1854FF008A66BC /* Ubuntu-LI.ttf */; };
		328320931D1854FF008A66BC /* Ubuntu-M.ttf in Resources */ = {isa = PBXBuildFile; fileRef = 328320891D1854FF008A66BC /* Ubuntu-M.ttf */; };
		328320941D1854FF008A66BC /* Ubuntu-MI.ttf in Resources */ = {isa = PBXBuildFile; fileRef = 3283208A1D1854FF008A66BC /* Ubuntu-MI.ttf */; };
		328320951D1854FF008A66BC /* Ubuntu-R.ttf in Resources */ = {isa = PBXBuildFile; fileRef = 3283208B1D1854FF008A66BC /* Ubuntu-R.ttf */; };
		328320961D1854FF008A66BC /* Ubuntu-RI.ttf in Resources */ = {isa = PBXBuildFile; fileRef = 3283208C1D1854FF008A66BC /* Ubuntu-RI.ttf */; };
		328320991D185ACF008A66BC /* PostController.swift in Sources */ = {isa = PBXBuildFile; fileRef = 328320981D185ACF008A66BC /* PostController.swift */; };
		3283209D1D1871AF008A66BC /* CustomTableViewCell.swift in Sources */ = {isa = PBXBuildFile; fileRef = 3283209B1D1871AF008A66BC /* CustomTableViewCell.swift */; };
		3283209E1D1871AF008A66BC /* CustomTableViewCell.xib in Resources */ = {isa = PBXBuildFile; fileRef = 3283209C1D1871AF008A66BC /* CustomTableViewCell.xib */; };
		328320A21D1880A6008A66BC /* LandingScreenViewController.swift in Sources */ = {isa = PBXBuildFile; fileRef = 328320A01D1880A6008A66BC /* LandingScreenViewController.swift */; };
		328320A31D1880A6008A66BC /* LandingScreenViewController.xib in Resources */ = {isa = PBXBuildFile; fileRef = 328320A11D1880A6008A66BC /* LandingScreenViewController.xib */; };
		328320AA1D1880C0008A66BC /* RegisterViewController.swift in Sources */ = {isa = PBXBuildFile; fileRef = 328320A81D1880C0008A66BC /* RegisterViewController.swift */; };
		328320AB1D1880C0008A66BC /* RegisterViewController.xib in Resources */ = {isa = PBXBuildFile; fileRef = 328320A91D1880C0008A66BC /* RegisterViewController.xib */; };
		328320EF1D19B2E2008A66BC /* NSDateComparisonExtension.swift in Sources */ = {isa = PBXBuildFile; fileRef = 328320EE1D19B2E2008A66BC /* NSDateComparisonExtension.swift */; };
		32A9A9861D1AE33B00441D7C /* HelpPopUpViewController.swift in Sources */ = {isa = PBXBuildFile; fileRef = 32A9A9841D1AE33B00441D7C /* HelpPopUpViewController.swift */; };
		32A9A9871D1AE33B00441D7C /* HelpPopUpViewController.xib in Resources */ = {isa = PBXBuildFile; fileRef = 32A9A9851D1AE33B00441D7C /* HelpPopUpViewController.xib */; };
/* End PBXBuildFile section */

/* Begin PBXFileReference section */
		1C1EADB6BC462618B6876612 /* Pods-Learnt.release.xcconfig */ = {isa = PBXFileReference; includeInIndex = 1; lastKnownFileType = text.xcconfig; name = "Pods-Learnt.release.xcconfig"; path = "Pods/Target Support Files/Pods-Learnt/Pods-Learnt.release.xcconfig"; sourceTree = "<group>"; };
		328320281D18059E008A66BC /* Learnt.app */ = {isa = PBXFileReference; explicitFileType = wrapper.application; includeInIndex = 0; path = Learnt.app; sourceTree = BUILT_PRODUCTS_DIR; };
		3283202B1D18059E008A66BC /* AppDelegate.swift */ = {isa = PBXFileReference; lastKnownFileType = sourcecode.swift; path = AppDelegate.swift; sourceTree = "<group>"; };
		3283202D1D18059E008A66BC /* ViewController.swift */ = {isa = PBXFileReference; lastKnownFileType = sourcecode.swift; path = ViewController.swift; sourceTree = "<group>"; };
		328320321D18059E008A66BC /* Assets.xcassets */ = {isa = PBXFileReference; lastKnownFileType = folder.assetcatalog; path = Assets.xcassets; sourceTree = "<group>"; };
		328320351D18059E008A66BC /* Base */ = {isa = PBXFileReference; lastKnownFileType = file.storyboard; name = Base; path = Base.lproj/LaunchScreen.storyboard; sourceTree = "<group>"; };
		328320371D18059E008A66BC /* Info.plist */ = {isa = PBXFileReference; lastKnownFileType = text.plist.xml; path = Info.plist; sourceTree = "<group>"; };
		3283203E1D180FD0008A66BC /* User.swift */ = {isa = PBXFileReference; fileEncoding = 4; lastKnownFileType = sourcecode.swift; path = User.swift; sourceTree = "<group>"; };
		3283205E1D1810E9008A66BC /* Post.swift */ = {isa = PBXFileReference; fileEncoding = 4; lastKnownFileType = sourcecode.swift; path = Post.swift; sourceTree = "<group>"; };
		328320601D1810F6008A66BC /* EmailValidatedTextField.swift */ = {isa = PBXFileReference; fileEncoding = 4; lastKnownFileType = sourcecode.swift; path = EmailValidatedTextField.swift; sourceTree = "<group>"; };
		328320621D181106008A66BC /* PersistenceManager.swift */ = {isa = PBXFileReference; fileEncoding = 4; lastKnownFileType = sourcecode.swift; path = PersistenceManager.swift; sourceTree = "<group>"; };
		328320651D181AF8008A66BC /* NewsfeedViewController.swift */ = {isa = PBXFileReference; fileEncoding = 4; lastKnownFileType = sourcecode.swift; path = NewsfeedViewController.swift; sourceTree = "<group>"; };
		328320661D181AF8008A66BC /* NewsfeedViewController.xib */ = {isa = PBXFileReference; fileEncoding = 4; lastKnownFileType = file.xib; path = NewsfeedViewController.xib; sourceTree = "<group>"; };
		3283206B1D181B19008A66BC /* SearchViewController.swift */ = {isa = PBXFileReference; fileEncoding = 4; lastKnownFileType = sourcecode.swift; path = SearchViewController.swift; sourceTree = "<group>"; };
		3283206C1D181B19008A66BC /* SearchViewController.xib */ = {isa = PBXFileReference; fileEncoding = 4; lastKnownFileType = file.xib; path = SearchViewController.xib; sourceTree = "<group>"; };
		3283206F1D181B28008A66BC /* ProfileViewController.swift */ = {isa = PBXFileReference; fileEncoding = 4; lastKnownFileType = sourcecode.swift; path = ProfileViewController.swift; sourceTree = "<group>"; };
		328320701D181B28008A66BC /* ProfileViewController.xib */ = {isa = PBXFileReference; fileEncoding = 4; lastKnownFileType = file.xib; path = ProfileViewController.xib; sourceTree = "<group>"; };
		328320731D181D4F008A66BC /* defaultImage.png */ = {isa = PBXFileReference; lastKnownFileType = image.png; path = defaultImage.png; sourceTree = "<group>"; };
		3283207C1D18275C008A66BC /* UserController.swift */ = {isa = PBXFileReference; fileEncoding = 4; lastKnownFileType = sourcecode.swift; path = UserController.swift; sourceTree = "<group>"; };
		3283207E1D18508B008A66BC /* NewPostViewController.swift */ = {isa = PBXFileReference; fileEncoding = 4; lastKnownFileType = sourcecode.swift; path = NewPostViewController.swift; sourceTree = "<group>"; };
		3283207F1D18508B008A66BC /* NewPostViewController.xib */ = {isa = PBXFileReference; fileEncoding = 4; lastKnownFileType = file.xib; path = NewPostViewController.xib; sourceTree = "<group>"; };
		328320831D1854FF008A66BC /* UBUNTU FONT LICENCE.txt */ = {isa = PBXFileReference; fileEncoding = 4; lastKnownFileType = text; path = "UBUNTU FONT LICENCE.txt"; sourceTree = "<group>"; };
		328320841D1854FF008A66BC /* Ubuntu-B.ttf */ = {isa = PBXFileReference; lastKnownFileType = file; path = "Ubuntu-B.ttf"; sourceTree = "<group>"; };
		328320851D1854FF008A66BC /* Ubuntu-BI.ttf */ = {isa = PBXFileReference; lastKnownFileType = file; path = "Ubuntu-BI.ttf"; sourceTree = "<group>"; };
		328320861D1854FF008A66BC /* Ubuntu-C.ttf */ = {isa = PBXFileReference; lastKnownFileType = file; path = "Ubuntu-C.ttf"; sourceTree = "<group>"; };
		328320871D1854FF008A66BC /* Ubuntu-L.ttf */ = {isa = PBXFileReference; lastKnownFileType = file; path = "Ubuntu-L.ttf"; sourceTree = "<group>"; };
		328320881D1854FF008A66BC /* Ubuntu-LI.ttf */ = {isa = PBXFileReference; lastKnownFileType = file; path = "Ubuntu-LI.ttf"; sourceTree = "<group>"; };
		328320891D1854FF008A66BC /* Ubuntu-M.ttf */ = {isa = PBXFileReference; lastKnownFileType = file; path = "Ubuntu-M.ttf"; sourceTree = "<group>"; };
		3283208A1D1854FF008A66BC /* Ubuntu-MI.ttf */ = {isa = PBXFileReference; lastKnownFileType = file; path = "Ubuntu-MI.ttf"; sourceTree = "<group>"; };
		3283208B1D1854FF008A66BC /* Ubuntu-R.ttf */ = {isa = PBXFileReference; lastKnownFileType = file; path = "Ubuntu-R.ttf"; sourceTree = "<group>"; };
		3283208C1D1854FF008A66BC /* Ubuntu-RI.ttf */ = {isa = PBXFileReference; lastKnownFileType = file; path = "Ubuntu-RI.ttf"; sourceTree = "<group>"; };
		328320981D185ACF008A66BC /* PostController.swift */ = {isa = PBXFileReference; fileEncoding = 4; lastKnownFileType = sourcecode.swift; path = PostController.swift; sourceTree = "<group>"; };
		3283209B1D1871AF008A66BC /* CustomTableViewCell.swift */ = {isa = PBXFileReference; fileEncoding = 4; lastKnownFileType = sourcecode.swift; path = CustomTableViewCell.swift; sourceTree = "<group>"; };
		3283209C1D1871AF008A66BC /* CustomTableViewCell.xib */ = {isa = PBXFileReference; fileEncoding = 4; lastKnownFileType = file.xib; path = CustomTableViewCell.xib; sourceTree = "<group>"; };
		328320A01D1880A6008A66BC /* LandingScreenViewController.swift */ = {isa = PBXFileReference; fileEncoding = 4; lastKnownFileType = sourcecode.swift; path = LandingScreenViewController.swift; sourceTree = "<group>"; };
		328320A11D1880A6008A66BC /* LandingScreenViewController.xib */ = {isa = PBXFileReference; fileEncoding = 4; lastKnownFileType = file.xib; path = LandingScreenViewController.xib; sourceTree = "<group>"; };
		328320A81D1880C0008A66BC /* RegisterViewController.swift */ = {isa = PBXFileReference; fileEncoding = 4; lastKnownFileType = sourcecode.swift; path = RegisterViewController.swift; sourceTree = "<group>"; };
		328320A91D1880C0008A66BC /* RegisterViewController.xib */ = {isa = PBXFileReference; fileEncoding = 4; lastKnownFileType = file.xib; path = RegisterViewController.xib; sourceTree = "<group>"; };
		328320EE1D19B2E2008A66BC /* NSDateComparisonExtension.swift */ = {isa = PBXFileReference; fileEncoding = 4; lastKnownFileType = sourcecode.swift; path = NSDateComparisonExtension.swift; sourceTree = "<group>"; };
		32A9A9841D1AE33B00441D7C /* HelpPopUpViewController.swift */ = {isa = PBXFileReference; fileEncoding = 4; lastKnownFileType = sourcecode.swift; path = HelpPopUpViewController.swift; sourceTree = "<group>"; };
		32A9A9851D1AE33B00441D7C /* HelpPopUpViewController.xib */ = {isa = PBXFileReference; fileEncoding = 4; lastKnownFileType = file.xib; path = HelpPopUpViewController.xib; sourceTree = "<group>"; };
		D642C28E9B09F34857C89F74 /* Pods_Learnt.framework */ = {isa = PBXFileReference; explicitFileType = wrapper.framework; includeInIndex = 0; path = Pods_Learnt.framework; sourceTree = BUILT_PRODUCTS_DIR; };
		F1E581C16BE0E456D5025409 /* Pods-Learnt.debug.xcconfig */ = {isa = PBXFileReference; includeInIndex = 1; lastKnownFileType = text.xcconfig; name = "Pods-Learnt.debug.xcconfig"; path = "Pods/Target Support Files/Pods-Learnt/Pods-Learnt.debug.xcconfig"; sourceTree = "<group>"; };
/* End PBXFileReference section */

/* Begin PBXFrameworksBuildPhase section */
		328320251D18059E008A66BC /* Frameworks */ = {
			isa = PBXFrameworksBuildPhase;
			buildActionMask = 2147483647;
			files = (
				208C6A1F5F755631FCC10A48 /* Pods_Learnt.framework in Frameworks */,
			);
			runOnlyForDeploymentPostprocessing = 0;
		};
/* End PBXFrameworksBuildPhase section */

/* Begin PBXGroup section */
		3283201F1D18059E008A66BC = {
			isa = PBXGroup;
			children = (
				3283202A1D18059E008A66BC /* Learnt */,
				328320291D18059E008A66BC /* Products */,
				C7047F20ED4EC4F7B6FA7A2D /* Pods */,
				E95C6CE5B48A8F69ED0F563A /* Frameworks */,
			);
			sourceTree = "<group>";
		};
		328320291D18059E008A66BC /* Products */ = {
			isa = PBXGroup;
			children = (
				328320281D18059E008A66BC /* Learnt.app */,
			);
			name = Products;
			sourceTree = "<group>";
		};
		3283202A1D18059E008A66BC /* Learnt */ = {
			isa = PBXGroup;
			children = (
				3283202B1D18059E008A66BC /* AppDelegate.swift */,
				3283203D1D180FBF008A66BC /* Models */,
				328320971D185A83008A66BC /* Controllers */,
				3283209F1D188074008A66BC /* OnboardingScreens */,
				328320641D181AD2008A66BC /* TabViews */,
				3283209A1D18715B008A66BC /* CustomTableViewCell */,
				328320821D1854E8008A66BC /* Fonts/Images */,
				3283202D1D18059E008A66BC /* ViewController.swift */,
				328320321D18059E008A66BC /* Assets.xcassets */,
				328320341D18059E008A66BC /* LaunchScreen.storyboard */,
				328320371D18059E008A66BC /* Info.plist */,
			);
			path = Learnt;
			sourceTree = "<group>";
		};
		3283203D1D180FBF008A66BC /* Models */ = {
			isa = PBXGroup;
			children = (
				3283203E1D180FD0008A66BC /* User.swift */,
				3283205E1D1810E9008A66BC /* Post.swift */,
				328320601D1810F6008A66BC /* EmailValidatedTextField.swift */,
				328320621D181106008A66BC /* PersistenceManager.swift */,
				328320EE1D19B2E2008A66BC /* NSDateComparisonExtension.swift */,
			);
			name = Models;
			sourceTree = "<group>";
		};
		328320641D181AD2008A66BC /* TabViews */ = {
			isa = PBXGroup;
			children = (
				328320651D181AF8008A66BC /* NewsfeedViewController.swift */,
				328320661D181AF8008A66BC /* NewsfeedViewController.xib */,
				3283206B1D181B19008A66BC /* SearchViewController.swift */,
				3283206C1D181B19008A66BC /* SearchViewController.xib */,
				3283206F1D181B28008A66BC /* ProfileViewController.swift */,
				328320701D181B28008A66BC /* ProfileViewController.xib */,
				3283207E1D18508B008A66BC /* NewPostViewController.swift */,
				3283207F1D18508B008A66BC /* NewPostViewController.xib */,
				32A9A9841D1AE33B00441D7C /* HelpPopUpViewController.swift */,
				32A9A9851D1AE33B00441D7C /* HelpPopUpViewController.xib */,
			);
			name = TabViews;
			sourceTree = "<group>";
		};
		328320821D1854E8008A66BC /* Fonts/Images */ = {
			isa = PBXGroup;
			children = (
				328320731D181D4F008A66BC /* defaultImage.png */,
				328320831D1854FF008A66BC /* UBUNTU FONT LICENCE.txt */,
				328320841D1854FF008A66BC /* Ubuntu-B.ttf */,
				328320851D1854FF008A66BC /* Ubuntu-BI.ttf */,
				328320861D1854FF008A66BC /* Ubuntu-C.ttf */,
				328320871D1854FF008A66BC /* Ubuntu-L.ttf */,
				328320881D1854FF008A66BC /* Ubuntu-LI.ttf */,
				328320891D1854FF008A66BC /* Ubuntu-M.ttf */,
				3283208A1D1854FF008A66BC /* Ubuntu-MI.ttf */,
				3283208B1D1854FF008A66BC /* Ubuntu-R.ttf */,
				3283208C1D1854FF008A66BC /* Ubuntu-RI.ttf */,
			);
			name = Fonts/Images;
			sourceTree = "<group>";
		};
		328320971D185A83008A66BC /* Controllers */ = {
			isa = PBXGroup;
			children = (
				3283207C1D18275C008A66BC /* UserController.swift */,
				328320981D185ACF008A66BC /* PostController.swift */,
			);
			name = Controllers;
			sourceTree = "<group>";
		};
		3283209A1D18715B008A66BC /* CustomTableViewCell */ = {
			isa = PBXGroup;
			children = (
				3283209B1D1871AF008A66BC /* CustomTableViewCell.swift */,
				3283209C1D1871AF008A66BC /* CustomTableViewCell.xib */,
			);
			name = CustomTableViewCell;
			sourceTree = "<group>";
		};
		3283209F1D188074008A66BC /* OnboardingScreens */ = {
			isa = PBXGroup;
			children = (
				328320A01D1880A6008A66BC /* LandingScreenViewController.swift */,
				328320A11D1880A6008A66BC /* LandingScreenViewController.xib */,
				328320A81D1880C0008A66BC /* RegisterViewController.swift */,
				328320A91D1880C0008A66BC /* RegisterViewController.xib */,
			);
			name = OnboardingScreens;
			sourceTree = "<group>";
		};
		C7047F20ED4EC4F7B6FA7A2D /* Pods */ = {
			isa = PBXGroup;
			children = (
				F1E581C16BE0E456D5025409 /* Pods-Learnt.debug.xcconfig */,
				1C1EADB6BC462618B6876612 /* Pods-Learnt.release.xcconfig */,
			);
			name = Pods;
			sourceTree = "<group>";
		};
		E95C6CE5B48A8F69ED0F563A /* Frameworks */ = {
			isa = PBXGroup;
			children = (
				D642C28E9B09F34857C89F74 /* Pods_Learnt.framework */,
			);
			name = Frameworks;
			sourceTree = "<group>";
		};
/* End PBXGroup section */

/* Begin PBXNativeTarget section */
		328320271D18059E008A66BC /* Learnt */ = {
			isa = PBXNativeTarget;
			buildConfigurationList = 3283203A1D18059E008A66BC /* Build configuration list for PBXNativeTarget "Learnt" */;
			buildPhases = (
				8FF02805E44F29D76B1BBE47 /* [CP] Check Pods Manifest.lock */,
				328320241D18059E008A66BC /* Sources */,
				328320251D18059E008A66BC /* Frameworks */,
				328320261D18059E008A66BC /* Resources */,
				8E12C17A64F6EA39170FD20C /* [CP] Embed Pods Frameworks */,
				05E081F459E9339AACD0CDFA /* [CP] Copy Pods Resources */,
			);
			buildRules = (
			);
			dependencies = (
			);
			name = Learnt;
			productName = Learnt;
			productReference = 328320281D18059E008A66BC /* Learnt.app */;
			productType = "com.apple.product-type.application";
		};
/* End PBXNativeTarget section */

/* Begin PBXProject section */
		328320201D18059E008A66BC /* Project object */ = {
			isa = PBXProject;
			attributes = {
				LastSwiftUpdateCheck = 0730;
				LastUpgradeCheck = 0730;
				ORGANIZATIONNAME = "Joe Salter";
				TargetAttributes = {
					328320271D18059E008A66BC = {
						CreatedOnToolsVersion = 7.3.1;
						DevelopmentTeam = DF8R7DGYJ4;
					};
				};
			};
			buildConfigurationList = 328320231D18059E008A66BC /* Build configuration list for PBXProject "Learnt" */;
			compatibilityVersion = "Xcode 3.2";
			developmentRegion = English;
			hasScannedForEncodings = 0;
			knownRegions = (
				en,
				Base,
			);
			mainGroup = 3283201F1D18059E008A66BC;
			productRefGroup = 328320291D18059E008A66BC /* Products */;
			projectDirPath = "";
			projectRoot = "";
			targets = (
				328320271D18059E008A66BC /* Learnt */,
			);
		};
/* End PBXProject section */

/* Begin PBXResourcesBuildPhase section */
		328320261D18059E008A66BC /* Resources */ = {
			isa = PBXResourcesBuildPhase;
			buildActionMask = 2147483647;
			files = (
				328320911D1854FF008A66BC /* Ubuntu-L.ttf in Resources */,
				328320AB1D1880C0008A66BC /* RegisterViewController.xib in Resources */,
				328320931D1854FF008A66BC /* Ubuntu-M.ttf in Resources */,
				328320811D18508B008A66BC /* NewPostViewController.xib in Resources */,
				328320681D181AF8008A66BC /* NewsfeedViewController.xib in Resources */,
				3283208D1D1854FF008A66BC /* UBUNTU FONT LICENCE.txt in Resources */,
				328320741D181D4F008A66BC /* defaultImage.png in Resources */,
				328320961D1854FF008A66BC /* Ubuntu-RI.ttf in Resources */,
				328320941D1854FF008A66BC /* Ubuntu-MI.ttf in Resources */,
				328320361D18059E008A66BC /* LaunchScreen.storyboard in Resources */,
				328320901D1854FF008A66BC /* Ubuntu-C.ttf in Resources */,
				32A9A9871D1AE33B00441D7C /* HelpPopUpViewController.xib in Resources */,
				3283206E1D181B19008A66BC /* SearchViewController.xib in Resources */,
				328320951D1854FF008A66BC /* Ubuntu-R.ttf in Resources */,
				3283208F1D1854FF008A66BC /* Ubuntu-BI.ttf in Resources */,
				3283208E1D1854FF008A66BC /* Ubuntu-B.ttf in Resources */,
				3283209E1D1871AF008A66BC /* CustomTableViewCell.xib in Resources */,
				328320A31D1880A6008A66BC /* LandingScreenViewController.xib in Resources */,
				328320921D1854FF008A66BC /* Ubuntu-LI.ttf in Resources */,
				328320721D181B28008A66BC /* ProfileViewController.xib in Resources */,
				328320331D18059E008A66BC /* Assets.xcassets in Resources */,
			);
			runOnlyForDeploymentPostprocessing = 0;
		};
/* End PBXResourcesBuildPhase section */

/* Begin PBXShellScriptBuildPhase section */
		05E081F459E9339AACD0CDFA /* [CP] Copy Pods Resources */ = {
			isa = PBXShellScriptBuildPhase;
			buildActionMask = 2147483647;
			files = (
			);
			inputPaths = (
			);
			name = "[CP] Copy Pods Resources";
			outputPaths = (
			);
			runOnlyForDeploymentPostprocessing = 0;
			shellPath = /bin/sh;
			shellScript = "\"${SRCROOT}/Pods/Target Support Files/Pods-Learnt/Pods-Learnt-resources.sh\"\n";
			showEnvVarsInLog = 0;
		};
		8E12C17A64F6EA39170FD20C /* [CP] Embed Pods Frameworks */ = {
			isa = PBXShellScriptBuildPhase;
			buildActionMask = 2147483647;
			files = (
			);
			inputPaths = (
			);
			name = "[CP] Embed Pods Frameworks";
			outputPaths = (
			);
			runOnlyForDeploymentPostprocessing = 0;
			shellPath = /bin/sh;
			shellScript = "\"${SRCROOT}/Pods/Target Support Files/Pods-Learnt/Pods-Learnt-frameworks.sh\"\n";
			showEnvVarsInLog = 0;
		};
		8FF02805E44F29D76B1BBE47 /* [CP] Check Pods Manifest.lock */ = {
			isa = PBXShellScriptBuildPhase;
			buildActionMask = 2147483647;
			files = (
			);
			inputPaths = (
			);
			name = "[CP] Check Pods Manifest.lock";
			outputPaths = (
			);
			runOnlyForDeploymentPostprocessing = 0;
			shellPath = /bin/sh;
			shellScript = "diff \"${PODS_ROOT}/../Podfile.lock\" \"${PODS_ROOT}/Manifest.lock\" > /dev/null\nif [[ $? != 0 ]] ; then\n    cat << EOM\nerror: The sandbox is not in sync with the Podfile.lock. Run 'pod install' or update your CocoaPods installation.\nEOM\n    exit 1\nfi\n";
			showEnvVarsInLog = 0;
		};
/* End PBXShellScriptBuildPhase section */

/* Begin PBXSourcesBuildPhase section */
		328320241D18059E008A66BC /* Sources */ = {
			isa = PBXSourcesBuildPhase;
			buildActionMask = 2147483647;
			files = (
				32A9A9861D1AE33B00441D7C /* HelpPopUpViewController.swift in Sources */,
				328320801D18508B008A66BC /* NewPostViewController.swift in Sources */,
				328320EF1D19B2E2008A66BC /* NSDateComparisonExtension.swift in Sources */,
				3283202E1D18059E008A66BC /* ViewController.swift in Sources */,
				328320A21D1880A6008A66BC /* LandingScreenViewController.swift in Sources */,
				328320671D181AF8008A66BC /* NewsfeedViewController.swift in Sources */,
				3283207D1D18275C008A66BC /* UserController.swift in Sources */,
				3283206D1D181B19008A66BC /* SearchViewController.swift in Sources */,
				328320991D185ACF008A66BC /* PostController.swift in Sources */,
				3283202C1D18059E008A66BC /* AppDelegate.swift in Sources */,
				3283203F1D180FD0008A66BC /* User.swift in Sources */,
				328320631D181106008A66BC /* PersistenceManager.swift in Sources */,
				328320AA1D1880C0008A66BC /* RegisterViewController.swift in Sources */,
				328320711D181B28008A66BC /* ProfileViewController.swift in Sources */,
				3283205F1D1810E9008A66BC /* Post.swift in Sources */,
				328320611D1810F6008A66BC /* EmailValidatedTextField.swift in Sources */,
				3283209D1D1871AF008A66BC /* CustomTableViewCell.swift in Sources */,
			);
			runOnlyForDeploymentPostprocessing = 0;
		};
/* End PBXSourcesBuildPhase section */

/* Begin PBXVariantGroup section */
		328320341D18059E008A66BC /* LaunchScreen.storyboard */ = {
			isa = PBXVariantGroup;
			children = (
				328320351D18059E008A66BC /* Base */,
			);
			name = LaunchScreen.storyboard;
			sourceTree = "<group>";
		};
/* End PBXVariantGroup section */

/* Begin XCBuildConfiguration section */
		328320381D18059E008A66BC /* Debug */ = {
			isa = XCBuildConfiguration;
			buildSettings = {
				ALWAYS_SEARCH_USER_PATHS = NO;
				CLANG_ANALYZER_NONNULL = YES;
				CLANG_CXX_LANGUAGE_STANDARD = "gnu++0x";
				CLANG_CXX_LIBRARY = "libc++";
				CLANG_ENABLE_MODULES = YES;
				CLANG_ENABLE_OBJC_ARC = YES;
				CLANG_WARN_BOOL_CONVERSION = YES;
				CLANG_WARN_CONSTANT_CONVERSION = YES;
				CLANG_WARN_DIRECT_OBJC_ISA_USAGE = YES_ERROR;
				CLANG_WARN_EMPTY_BODY = YES;
				CLANG_WARN_ENUM_CONVERSION = YES;
				CLANG_WARN_INT_CONVERSION = YES;
				CLANG_WARN_OBJC_ROOT_CLASS = YES_ERROR;
				CLANG_WARN_UNREACHABLE_CODE = YES;
				CLANG_WARN__DUPLICATE_METHOD_MATCH = YES;
				"CODE_SIGN_IDENTITY[sdk=iphoneos*]" = "iPhone Developer";
				COPY_PHASE_STRIP = NO;
				DEBUG_INFORMATION_FORMAT = dwarf;
				ENABLE_STRICT_OBJC_MSGSEND = YES;
				ENABLE_TESTABILITY = YES;
				GCC_C_LANGUAGE_STANDARD = gnu99;
				GCC_DYNAMIC_NO_PIC = NO;
				GCC_NO_COMMON_BLOCKS = YES;
				GCC_OPTIMIZATION_LEVEL = 0;
				GCC_PREPROCESSOR_DEFINITIONS = (
					"DEBUG=1",
					"$(inherited)",
				);
				GCC_WARN_64_TO_32_BIT_CONVERSION = YES;
				GCC_WARN_ABOUT_RETURN_TYPE = YES_ERROR;
				GCC_WARN_UNDECLARED_SELECTOR = YES;
				GCC_WARN_UNINITIALIZED_AUTOS = YES_AGGRESSIVE;
				GCC_WARN_UNUSED_FUNCTION = YES;
				GCC_WARN_UNUSED_VARIABLE = YES;
				IPHONEOS_DEPLOYMENT_TARGET = 9.3;
				MTL_ENABLE_DEBUG_INFO = YES;
				ONLY_ACTIVE_ARCH = YES;
				SDKROOT = iphoneos;
				SWIFT_OPTIMIZATION_LEVEL = "-Onone";
			};
			name = Debug;
		};
		328320391D18059E008A66BC /* Release */ = {
			isa = XCBuildConfiguration;
			buildSettings = {
				ALWAYS_SEARCH_USER_PATHS = NO;
				CLANG_ANALYZER_NONNULL = YES;
				CLANG_CXX_LANGUAGE_STANDARD = "gnu++0x";
				CLANG_CXX_LIBRARY = "libc++";
				CLANG_ENABLE_MODULES = YES;
				CLANG_ENABLE_OBJC_ARC = YES;
				CLANG_WARN_BOOL_CONVERSION = YES;
				CLANG_WARN_CONSTANT_CONVERSION = YES;
				CLANG_WARN_DIRECT_OBJC_ISA_USAGE = YES_ERROR;
				CLANG_WARN_EMPTY_BODY = YES;
				CLANG_WARN_ENUM_CONVERSION = YES;
				CLANG_WARN_INT_CONVERSION = YES;
				CLANG_WARN_OBJC_ROOT_CLASS = YES_ERROR;
				CLANG_WARN_UNREACHABLE_CODE = YES;
				CLANG_WARN__DUPLICATE_METHOD_MATCH = YES;
				"CODE_SIGN_IDENTITY[sdk=iphoneos*]" = "iPhone Developer";
				COPY_PHASE_STRIP = NO;
				DEBUG_INFORMATION_FORMAT = "dwarf-with-dsym";
				ENABLE_NS_ASSERTIONS = NO;
				ENABLE_STRICT_OBJC_MSGSEND = YES;
				GCC_C_LANGUAGE_STANDARD = gnu99;
				GCC_NO_COMMON_BLOCKS = YES;
				GCC_WARN_64_TO_32_BIT_CONVERSION = YES;
				GCC_WARN_ABOUT_RETURN_TYPE = YES_ERROR;
				GCC_WARN_UNDECLARED_SELECTOR = YES;
				GCC_WARN_UNINITIALIZED_AUTOS = YES_AGGRESSIVE;
				GCC_WARN_UNUSED_FUNCTION = YES;
				GCC_WARN_UNUSED_VARIABLE = YES;
				IPHONEOS_DEPLOYMENT_TARGET = 9.3;
				MTL_ENABLE_DEBUG_INFO = NO;
				SDKROOT = iphoneos;
				VALIDATE_PRODUCT = YES;
			};
			name = Release;
		};
		3283203B1D18059E008A66BC /* Debug */ = {
			isa = XCBuildConfiguration;
			baseConfigurationReference = F1E581C16BE0E456D5025409 /* Pods-Learnt.debug.xcconfig */;
			buildSettings = {
				ASSETCATALOG_COMPILER_APPICON_NAME = AppIcon;
				CODE_SIGN_IDENTITY = "iPhone Developer";
				"CODE_SIGN_IDENTITY[sdk=iphoneos*]" = "iPhone Developer";
				INFOPLIST_FILE = Learnt/Info.plist;
				LD_RUNPATH_SEARCH_PATHS = "$(inherited) @executable_path/Frameworks";
				PRODUCT_BUNDLE_IDENTIFIER = com.joesalter.Learnt;
				PRODUCT_NAME = "$(TARGET_NAME)";
				PROVISIONING_PROFILE = "";
			};
			name = Debug;
		};
		3283203C1D18059E008A66BC /* Release */ = {
			isa = XCBuildConfiguration;
			baseConfigurationReference = 1C1EADB6BC462618B6876612 /* Pods-Learnt.release.xcconfig */;
			buildSettings = {
				ASSETCATALOG_COMPILER_APPICON_NAME = AppIcon;
				CODE_SIGN_IDENTITY = "iPhone Developer";
				"CODE_SIGN_IDENTITY[sdk=iphoneos*]" = "iPhone Developer";
				INFOPLIST_FILE = Learnt/Info.plist;
				LD_RUNPATH_SEARCH_PATHS = "$(inherited) @executable_path/Frameworks";
				PRODUCT_BUNDLE_IDENTIFIER = com.joesalter.Learnt;
				PRODUCT_NAME = "$(TARGET_NAME)";
				PROVISIONING_PROFILE = "";
			};
			name = Release;
		};
/* End XCBuildConfiguration section */

/* Begin XCConfigurationList section */
		328320231D18059E008A66BC /* Build configuration list for PBXProject "Learnt" */ = {
			isa = XCConfigurationList;
			buildConfigurations = (
				328320381D18059E008A66BC /* Debug */,
				328320391D18059E008A66BC /* Release */,
			);
			defaultConfigurationIsVisible = 0;
			defaultConfigurationName = Release;
		};
		3283203A1D18059E008A66BC /* Build configuration list for PBXNativeTarget "Learnt" */ = {
			isa = XCConfigurationList;
			buildConfigurations = (
				3283203B1D18059E008A66BC /* Debug */,
				3283203C1D18059E008A66BC /* Release */,
			);
			defaultConfigurationIsVisible = 0;
			defaultConfigurationName = Release;
		};
/* End XCConfigurationList section */
	};
	rootObject = 328320201D18059E008A66BC /* Project object */;
}
